
Microsoft Visual Studio Solution File, Format Version 12.00
# Visual Studio Version 17
VisualStudioVersion = 17.9.34728.123
MinimumVisualStudioVersion = 10.0.40219.1
Project("{FAE04EC0-301F-11D3-BF4B-00C04F79EFBC}") = "Inheritance", "Inheritance.csproj", "{BD544CF2-FA19-4A83-B3E2-FC6376B4C7A3}"
EndProject
Global
	GlobalSection(SolutionConfigurationPlatforms) = preSolution
		Debug|Any CPU = Debug|Any CPU
		Release|Any CPU = Release|Any CPU
	EndGlobalSection
	GlobalSection(ProjectConfigurationPlatforms) = postSolution
		{BD544CF2-FA19-4A83-B3E2-FC6376B4C7A3}.Debug|Any CPU.ActiveCfg = Debug|Any CPU
		{BD544CF2-FA19-4A83-B3E2-FC6376B4C7A3}.Debug|Any CPU.Build.0 = Debug|Any CPU
		{BD544CF2-FA19-4A83-B3E2-FC6376B4C7A3}.Release|Any CPU.ActiveCfg = Release|Any CPU
		{BD544CF2-FA19-4A83-B3E2-FC6376B4C7A3}.Release|Any CPU.Build.0 = Release|Any CPU
	EndGlobalSection
	GlobalSection(SolutionProperties) = preSolution
		HideSolutionNode = FALSE
	EndGlobalSection
	GlobalSection(ExtensibilityGlobals) = postSolution
		SolutionGuid = {D963E728-197C-43F3-A0AE-D906F74AF33C}
	EndGlobalSection
EndGlobal
